
Microsoft Visual Studio Solution File, Format Version 12.00
# Visual Studio Version 17
VisualStudioVersion = 17.2.32630.192
MinimumVisualStudioVersion = 10.0.40219.1
Project("{FAE04EC0-301F-11D3-BF4B-00C04F79EFBC}") = "sort", "sort\sort.csproj", "{6204BFC8-87CC-4D9F-9963-9ECDB38BF707}"
EndProject
Global
	GlobalSection(SolutionConfigurationPlatforms) = preSolution
		Debug|Any CPU = Debug|Any CPU
		Release|Any CPU = Release|Any CPU
	EndGlobalSection
	GlobalSection(ProjectConfigurationPlatforms) = postSolution
		{6204BFC8-87CC-4D9F-9963-9ECDB38BF707}.Debug|Any CPU.ActiveCfg = Debug|Any CPU
		{6204BFC8-87CC-4D9F-9963-9ECDB38BF707}.Debug|Any CPU.Build.0 = Debug|Any CPU
		{6204BFC8-87CC-4D9F-9963-9ECDB38BF707}.Release|Any CPU.ActiveCfg = Release|Any CPU
		{6204BFC8-87CC-4D9F-9963-9ECDB38BF707}.Release|Any CPU.Build.0 = Release|Any CPU
	EndGlobalSection
	GlobalSection(SolutionProperties) = preSolution
		HideSolutionNode = FALSE
	EndGlobalSection
	GlobalSection(ExtensibilityGlobals) = postSolution
		SolutionGuid = {D13FD089-0574-4EB8-8834-CFF4D60D38BA}
	EndGlobalSection
EndGlobal
